// !$*UTF8*$!
{
	archiveVersion = 1;
	classes = {
	};
	objectVersion = 51;
	objects = {

/* Begin PBXBuildFile section */
		042AF57224517D6400352CF6 /* CKPickerTableCell.mm in Sources */ = {isa = PBXBuildFile; fileRef = 042AF57124517D6400352CF6 /* CKPickerTableCell.mm */; };
		042AF57324517D6400352CF6 /* CKPickerTableCell.mm in Sources */ = {isa = PBXBuildFile; fileRef = 042AF57124517D6400352CF6 /* CKPickerTableCell.mm */; };
		042AF5942451807600352CF6 /* ComponentKit.framework in Frameworks */ = {isa = PBXBuildFile; fileRef = 04338A832451668E00DCE5B4 /* ComponentKit.framework */; };
		042AF5952451807600352CF6 /* ComponentKit.framework in Embed Frameworks */ = {isa = PBXBuildFile; fileRef = 04338A832451668E00DCE5B4 /* ComponentKit.framework */; settings = {ATTRIBUTES = (CodeSignOnCopy, RemoveHeadersOnCopy, ); }; };
		0454CD302446F8B700D34849 /* ContactBusiness.m in Sources */ = {isa = PBXBuildFile; fileRef = 0454CD2E2446F8B700D34849 /* ContactBusiness.m */; };
		0454CD352446F8C000D34849 /* ContactAdaper.m in Sources */ = {isa = PBXBuildFile; fileRef = 0454CD312446F8C000D34849 /* ContactAdaper.m */; };
		0454CD382446F8DF00D34849 /* Contact.mm in Sources */ = {isa = PBXBuildFile; fileRef = 0454CD362446F8DF00D34849 /* Contact.mm */; };
		0454CD462446F94400D34849 /* ColorHelper.mm in Sources */ = {isa = PBXBuildFile; fileRef = 0454CD3B2446F94400D34849 /* ColorHelper.mm */; };
		0454CD482446F94400D34849 /* StringHelper.mm in Sources */ = {isa = PBXBuildFile; fileRef = 0454CD3E2446F94400D34849 /* StringHelper.mm */; };
		0454CD492446F94400D34849 /* ImageCache.mm in Sources */ = {isa = PBXBuildFile; fileRef = 0454CD412446F94400D34849 /* ImageCache.mm */; };
		046844A02451335200B47DB8 /* StateView.m in Sources */ = {isa = PBXBuildFile; fileRef = 0468449F2451335200B47DB8 /* StateView.m */; };
		046844A12451335200B47DB8 /* StateView.m in Sources */ = {isa = PBXBuildFile; fileRef = 0468449F2451335200B47DB8 /* StateView.m */; };
		046844A424514A8A00B47DB8 /* CKViewController.m in Sources */ = {isa = PBXBuildFile; fileRef = 046844A324514A8A00B47DB8 /* CKViewController.m */; };
		046844A524514A8A00B47DB8 /* CKViewController.m in Sources */ = {isa = PBXBuildFile; fileRef = 046844A324514A8A00B47DB8 /* CKViewController.m */; };
		047699122448435C00CEF11A /* PickerCollectionCellNode.m in Sources */ = {isa = PBXBuildFile; fileRef = 047699112448435C00CEF11A /* PickerCollectionCellNode.m */; };
		047699132448435C00CEF11A /* PickerCollectionCellNode.m in Sources */ = {isa = PBXBuildFile; fileRef = 047699112448435C00CEF11A /* PickerCollectionCellNode.m */; };
		0476991624484F1B00CEF11A /* PickerCollectionNode.m in Sources */ = {isa = PBXBuildFile; fileRef = 0476991524484F1B00CEF11A /* PickerCollectionNode.m */; };
		0476991724484F1B00CEF11A /* PickerCollectionNode.m in Sources */ = {isa = PBXBuildFile; fileRef = 0476991524484F1B00CEF11A /* PickerCollectionNode.m */; };
		0490DEE02446C58800ABB676 /* ASDKViewController.m in Sources */ = {isa = PBXBuildFile; fileRef = 0490DEDF2446C58800ABB676 /* ASDKViewController.m */; };
		0490DEE12446C58800ABB676 /* ASDKViewController.m in Sources */ = {isa = PBXBuildFile; fileRef = 0490DEDF2446C58800ABB676 /* ASDKViewController.m */; };
		049FCE1B24474FBE00F285C4 /* PickerTableCellNode.m in Sources */ = {isa = PBXBuildFile; fileRef = 049FCE1A24474FBE00F285C4 /* PickerTableCellNode.m */; };
		049FCE1C24474FBE00F285C4 /* PickerTableCellNode.m in Sources */ = {isa = PBXBuildFile; fileRef = 049FCE1A24474FBE00F285C4 /* PickerTableCellNode.m */; };
		049FCE1E24475BDA00F285C4 /* Contacts.framework in Frameworks */ = {isa = PBXBuildFile; fileRef = 049FCE1D24475BDA00F285C4 /* Contacts.framework */; };
		049FCE2124475D9D00F285C4 /* PickerTableNode.m in Sources */ = {isa = PBXBuildFile; fileRef = 049FCE2024475D9D00F285C4 /* PickerTableNode.m */; };
		049FCE2224475D9D00F285C4 /* PickerTableNode.m in Sources */ = {isa = PBXBuildFile; fileRef = 049FCE2024475D9D00F285C4 /* PickerTableNode.m */; };
		049FCE2524475F7A00F285C4 /* PickerViewModel.m in Sources */ = {isa = PBXBuildFile; fileRef = 049FCE2424475F7A00F285C4 /* PickerViewModel.m */; };
		049FCE2624475F7A00F285C4 /* PickerViewModel.m in Sources */ = {isa = PBXBuildFile; fileRef = 049FCE2424475F7A00F285C4 /* PickerViewModel.m */; };
		04E716FD2446C255006D54BB /* AppDelegate.m in Sources */ = {isa = PBXBuildFile; fileRef = 04E716FC2446C255006D54BB /* AppDelegate.m */; };
		04E717002446C255006D54BB /* SceneDelegate.m in Sources */ = {isa = PBXBuildFile; fileRef = 04E716FF2446C255006D54BB /* SceneDelegate.m */; };
		04E717082446C256006D54BB /* Assets.xcassets in Resources */ = {isa = PBXBuildFile; fileRef = 04E717072446C256006D54BB /* Assets.xcassets */; };
		04E7170B2446C256006D54BB /* LaunchScreen.storyboard in Resources */ = {isa = PBXBuildFile; fileRef = 04E717092446C256006D54BB /* LaunchScreen.storyboard */; };
		04E7170E2446C256006D54BB /* main.m in Sources */ = {isa = PBXBuildFile; fileRef = 04E7170D2446C256006D54BB /* main.m */; };
		04E717182446C256006D54BB /* AsyncKit_ContactPickerTests.m in Sources */ = {isa = PBXBuildFile; fileRef = 04E717172446C256006D54BB /* AsyncKit_ContactPickerTests.m */; };
		A12729C7175AABDC9B063B8D /* Pods_AsyncKit_ContactPickerTests.framework in Frameworks */ = {isa = PBXBuildFile; fileRef = F87144D5B7D21DA18792319F /* Pods_AsyncKit_ContactPickerTests.framework */; };
		C3F577B689B80DE3A894931E /* Pods_AsyncKit_ContactPicker.framework in Frameworks */ = {isa = PBXBuildFile; fileRef = D3263D69205A5588855E6CC7 /* Pods_AsyncKit_ContactPicker.framework */; };
/* End PBXBuildFile section */

/* Begin PBXContainerItemProxy section */
		04338A822451668E00DCE5B4 /* PBXContainerItemProxy */ = {
			isa = PBXContainerItemProxy;
			containerPortal = 04338A6F2451668E00DCE5B4 /* ComponentKit.xcodeproj */;
			proxyType = 2;
			remoteGlobalIDString = D0B47AB51CBD924100BB33CE;
			remoteInfo = ComponentKit;
		};
		04338A842451668E00DCE5B4 /* PBXContainerItemProxy */ = {
			isa = PBXContainerItemProxy;
			containerPortal = 04338A6F2451668E00DCE5B4 /* ComponentKit.xcodeproj */;
			proxyType = 2;
			remoteGlobalIDString = A273801A1AFD144100E6F222;
			remoteInfo = ComponentKitTestHelpers;
		};
		04338A862451668E00DCE5B4 /* PBXContainerItemProxy */ = {
			isa = PBXContainerItemProxy;
			containerPortal = 04338A6F2451668E00DCE5B4 /* ComponentKit.xcodeproj */;
			proxyType = 2;
			remoteGlobalIDString = A1AB4FED23350E45001F41DB;
			remoteInfo = ComponentKitPerfTests;
		};
		04338A882451668E00DCE5B4 /* PBXContainerItemProxy */ = {
			isa = PBXContainerItemProxy;
			containerPortal = 04338A6F2451668E00DCE5B4 /* ComponentKit.xcodeproj */;
			proxyType = 2;
			remoteGlobalIDString = B342DC401AC23E8200ACAC53;
			remoteInfo = ComponentKitTests;
		};
		04338A8A2451668E00DCE5B4 /* PBXContainerItemProxy */ = {
			isa = PBXContainerItemProxy;
			containerPortal = 04338A6F2451668E00DCE5B4 /* ComponentKit.xcodeproj */;
			proxyType = 2;
			remoteGlobalIDString = B342DC8B1AC23EC300ACAC53;
			remoteInfo = ComponentKitApplicationTests;
		};
		04338A8C2451668E00DCE5B4 /* PBXContainerItemProxy */ = {
			isa = PBXContainerItemProxy;
			containerPortal = 04338A6F2451668E00DCE5B4 /* ComponentKit.xcodeproj */;
			proxyType = 2;
			remoteGlobalIDString = B342DCAA1AC23F2A00ACAC53;
			remoteInfo = ComponentTextKitApplicationTests;
		};
		04338A8E2451668E00DCE5B4 /* PBXContainerItemProxy */ = {
			isa = PBXContainerItemProxy;
			containerPortal = 04338A6F2451668E00DCE5B4 /* ComponentKit.xcodeproj */;
			proxyType = 2;
			remoteGlobalIDString = B3EECEC21AC2366600BFC5DA;
			remoteInfo = ComponentKitApplicationsTestsHost;
		};
		04338A902451668E00DCE5B4 /* PBXContainerItemProxy */ = {
			isa = PBXContainerItemProxy;
			containerPortal = 04338A6F2451668E00DCE5B4 /* ComponentKit.xcodeproj */;
			proxyType = 2;
			remoteGlobalIDString = 03B8B56A1D2A346F00EDFF59;
			remoteInfo = ComponentKitAppleTV;
		};
		04338A922451668E00DCE5B4 /* PBXContainerItemProxy */ = {
			isa = PBXContainerItemProxy;
			containerPortal = 04338A6F2451668E00DCE5B4 /* ComponentKit.xcodeproj */;
			proxyType = 2;
			remoteGlobalIDString = 03A98A721D2B2BFD00C5BAC2;
			remoteInfo = ComponentKitTestHelpersAppleTV;
		};
		04338A942451668E00DCE5B4 /* PBXContainerItemProxy */ = {
			isa = PBXContainerItemProxy;
			containerPortal = 04338A6F2451668E00DCE5B4 /* ComponentKit.xcodeproj */;
			proxyType = 2;
			remoteGlobalIDString = 03F1AC061D2B2A9B00867584;
			remoteInfo = ComponentKitTestsAppleTV;
		};
		04338A962451668E00DCE5B4 /* PBXContainerItemProxy */ = {
			isa = PBXContainerItemProxy;
			containerPortal = 04338A6F2451668E00DCE5B4 /* ComponentKit.xcodeproj */;
			proxyType = 2;
			remoteGlobalIDString = D431880023E2056C0024AA12;
			remoteInfo = RenderCoreAppleTV;
		};
		04338A982451668E00DCE5B4 /* PBXContainerItemProxy */ = {
			isa = PBXContainerItemProxy;
			containerPortal = 04338A6F2451668E00DCE5B4 /* ComponentKit.xcodeproj */;
			proxyType = 2;
			remoteGlobalIDString = D431881723E2057E0024AA12;
			remoteInfo = RenderCore;
		};
		04338A9A2451668E00DCE5B4 /* PBXContainerItemProxy */ = {
			isa = PBXContainerItemProxy;
			containerPortal = 04338A6F2451668E00DCE5B4 /* ComponentKit.xcodeproj */;
			proxyType = 2;
			remoteGlobalIDString = D4BC578023E37A1B0075D688;
			remoteInfo = CKSwift;
		};
		04338A9C2451668E00DCE5B4 /* PBXContainerItemProxy */ = {
			isa = PBXContainerItemProxy;
			containerPortal = 04338A6F2451668E00DCE5B4 /* ComponentKit.xcodeproj */;
			proxyType = 2;
			remoteGlobalIDString = D4BC578823E37A1B0075D688;
			remoteInfo = CKSwiftTests;
		};
		04E717142446C256006D54BB /* PBXContainerItemProxy */ = {
			isa = PBXContainerItemProxy;
			containerPortal = 04E716F02446C255006D54BB /* Project object */;
			proxyType = 1;
			remoteGlobalIDString = 04E716F72446C255006D54BB;
			remoteInfo = "AsyncKit ContactPicker";
		};
/* End PBXContainerItemProxy section */

/* Begin PBXCopyFilesBuildPhase section */
		042AF5962451807600352CF6 /* Embed Frameworks */ = {
			isa = PBXCopyFilesBuildPhase;
			buildActionMask = 2147483647;
			dstPath = "";
			dstSubfolderSpec = 10;
			files = (
				042AF5952451807600352CF6 /* ComponentKit.framework in Embed Frameworks */,
			);
			name = "Embed Frameworks";
			runOnlyForDeploymentPostprocessing = 0;
		};
/* End PBXCopyFilesBuildPhase section */

/* Begin PBXFileReference section */
		042AF57024517D6400352CF6 /* CKPickerTableCell.h */ = {isa = PBXFileReference; lastKnownFileType = sourcecode.c.h; path = CKPickerTableCell.h; sourceTree = "<group>"; };
		042AF57124517D6400352CF6 /* CKPickerTableCell.mm */ = {isa = PBXFileReference; lastKnownFileType = sourcecode.cpp.objcpp; path = CKPickerTableCell.mm; sourceTree = "<group>"; };
		04338A6F2451668E00DCE5B4 /* ComponentKit.xcodeproj */ = {isa = PBXFileReference; lastKnownFileType = "wrapper.pb-project"; name = ComponentKit.xcodeproj; path = Carthage/Checkouts/ComponentKit/ComponentKit.xcodeproj; sourceTree = "<group>"; };
		0454CD2E2446F8B700D34849 /* ContactBusiness.m */ = {isa = PBXFileReference; fileEncoding = 4; lastKnownFileType = sourcecode.c.objc; path = ContactBusiness.m; sourceTree = "<group>"; };
		0454CD2F2446F8B700D34849 /* ContactBusiness.h */ = {isa = PBXFileReference; fileEncoding = 4; lastKnownFileType = sourcecode.c.h; path = ContactBusiness.h; sourceTree = "<group>"; };
		0454CD312446F8C000D34849 /* ContactAdaper.m */ = {isa = PBXFileReference; fileEncoding = 4; lastKnownFileType = sourcecode.c.objc; path = ContactAdaper.m; sourceTree = "<group>"; };
		0454CD332446F8C000D34849 /* ContactDidChangedDelegate.h */ = {isa = PBXFileReference; fileEncoding = 4; lastKnownFileType = sourcecode.c.h; path = ContactDidChangedDelegate.h; sourceTree = "<group>"; };
		0454CD342446F8C000D34849 /* ContactAdaper.h */ = {isa = PBXFileReference; fileEncoding = 4; lastKnownFileType = sourcecode.c.h; path = ContactAdaper.h; sourceTree = "<group>"; };
		0454CD362446F8DF00D34849 /* Contact.mm */ = {isa = PBXFileReference; fileEncoding = 4; lastKnownFileType = sourcecode.cpp.objcpp; path = Contact.mm; sourceTree = "<group>"; };
		0454CD372446F8DF00D34849 /* Contact.h */ = {isa = PBXFileReference; fileEncoding = 4; lastKnownFileType = sourcecode.c.h; path = Contact.h; sourceTree = "<group>"; };
		0454CD3B2446F94400D34849 /* ColorHelper.mm */ = {isa = PBXFileReference; fileEncoding = 4; lastKnownFileType = sourcecode.cpp.objcpp; path = ColorHelper.mm; sourceTree = "<group>"; };
		0454CD3E2446F94400D34849 /* StringHelper.mm */ = {isa = PBXFileReference; fileEncoding = 4; lastKnownFileType = sourcecode.cpp.objcpp; path = StringHelper.mm; sourceTree = "<group>"; };
		0454CD3F2446F94400D34849 /* StringHelper.h */ = {isa = PBXFileReference; fileEncoding = 4; lastKnownFileType = sourcecode.c.h; path = StringHelper.h; sourceTree = "<group>"; };
		0454CD412446F94400D34849 /* ImageCache.mm */ = {isa = PBXFileReference; fileEncoding = 4; lastKnownFileType = sourcecode.cpp.objcpp; path = ImageCache.mm; sourceTree = "<group>"; };
		0454CD422446F94400D34849 /* ImageCache.h */ = {isa = PBXFileReference; fileEncoding = 4; lastKnownFileType = sourcecode.c.h; path = ImageCache.h; sourceTree = "<group>"; };
		0454CD442446F94400D34849 /* ColorHelper.h */ = {isa = PBXFileReference; fileEncoding = 4; lastKnownFileType = sourcecode.c.h; path = ColorHelper.h; sourceTree = "<group>"; };
		0454CD452446F94400D34849 /* AppConsts.h */ = {isa = PBXFileReference; fileEncoding = 4; lastKnownFileType = sourcecode.c.h; path = AppConsts.h; sourceTree = "<group>"; };
		0468449E2451335200B47DB8 /* StateView.h */ = {isa = PBXFileReference; lastKnownFileType = sourcecode.c.h; path = StateView.h; sourceTree = "<group>"; };
		0468449F2451335200B47DB8 /* StateView.m */ = {isa = PBXFileReference; lastKnownFileType = sourcecode.c.objc; path = StateView.m; sourceTree = "<group>"; };
		046844A224514A8A00B47DB8 /* CKViewController.h */ = {isa = PBXFileReference; lastKnownFileType = sourcecode.c.h; path = CKViewController.h; sourceTree = "<group>"; };
		046844A324514A8A00B47DB8 /* CKViewController.m */ = {isa = PBXFileReference; lastKnownFileType = sourcecode.c.objc; path = CKViewController.m; sourceTree = "<group>"; };
		047699102448435C00CEF11A /* PickerCollectionCellNode.h */ = {isa = PBXFileReference; lastKnownFileType = sourcecode.c.h; path = PickerCollectionCellNode.h; sourceTree = "<group>"; };
		047699112448435C00CEF11A /* PickerCollectionCellNode.m */ = {isa = PBXFileReference; lastKnownFileType = sourcecode.c.objc; path = PickerCollectionCellNode.m; sourceTree = "<group>"; };
		0476991424484F1B00CEF11A /* PickerCollectionNode.h */ = {isa = PBXFileReference; lastKnownFileType = sourcecode.c.h; path = PickerCollectionNode.h; sourceTree = "<group>"; };
		0476991524484F1B00CEF11A /* PickerCollectionNode.m */ = {isa = PBXFileReference; lastKnownFileType = sourcecode.c.objc; path = PickerCollectionNode.m; sourceTree = "<group>"; };
		0490DEDE2446C58800ABB676 /* ASDKViewController.h */ = {isa = PBXFileReference; lastKnownFileType = sourcecode.c.h; path = ASDKViewController.h; sourceTree = "<group>"; };
		0490DEDF2446C58800ABB676 /* ASDKViewController.m */ = {isa = PBXFileReference; lastKnownFileType = sourcecode.c.objc; path = ASDKViewController.m; sourceTree = "<group>"; };
		049FCE1924474FBE00F285C4 /* PickerTableCellNode.h */ = {isa = PBXFileReference; lastKnownFileType = sourcecode.c.h; path = PickerTableCellNode.h; sourceTree = "<group>"; };
		049FCE1A24474FBE00F285C4 /* PickerTableCellNode.m */ = {isa = PBXFileReference; lastKnownFileType = sourcecode.c.objc; path = PickerTableCellNode.m; sourceTree = "<group>"; };
		049FCE1D24475BDA00F285C4 /* Contacts.framework */ = {isa = PBXFileReference; lastKnownFileType = wrapper.framework; name = Contacts.framework; path = System/Library/Frameworks/Contacts.framework; sourceTree = SDKROOT; };
		049FCE1F24475D9D00F285C4 /* PickerTableNode.h */ = {isa = PBXFileReference; lastKnownFileType = sourcecode.c.h; path = PickerTableNode.h; sourceTree = "<group>"; };
		049FCE2024475D9D00F285C4 /* PickerTableNode.m */ = {isa = PBXFileReference; lastKnownFileType = sourcecode.c.objc; path = PickerTableNode.m; sourceTree = "<group>"; };
		049FCE2324475F7A00F285C4 /* PickerViewModel.h */ = {isa = PBXFileReference; fileEncoding = 4; lastKnownFileType = sourcecode.c.h; path = PickerViewModel.h; sourceTree = "<group>"; };
		049FCE2424475F7A00F285C4 /* PickerViewModel.m */ = {isa = PBXFileReference; fileEncoding = 4; lastKnownFileType = sourcecode.c.objc; path = PickerViewModel.m; sourceTree = "<group>"; };
		04E716F82446C255006D54BB /* AsyncKit ContactPicker.app */ = {isa = PBXFileReference; explicitFileType = wrapper.application; includeInIndex = 0; path = "AsyncKit ContactPicker.app"; sourceTree = BUILT_PRODUCTS_DIR; };
		04E716FB2446C255006D54BB /* AppDelegate.h */ = {isa = PBXFileReference; lastKnownFileType = sourcecode.c.h; path = AppDelegate.h; sourceTree = "<group>"; };
		04E716FC2446C255006D54BB /* AppDelegate.m */ = {isa = PBXFileReference; lastKnownFileType = sourcecode.c.objc; path = AppDelegate.m; sourceTree = "<group>"; };
		04E716FE2446C255006D54BB /* SceneDelegate.h */ = {isa = PBXFileReference; lastKnownFileType = sourcecode.c.h; path = SceneDelegate.h; sourceTree = "<group>"; };
		04E716FF2446C255006D54BB /* SceneDelegate.m */ = {isa = PBXFileReference; lastKnownFileType = sourcecode.c.objc; path = SceneDelegate.m; sourceTree = "<group>"; };
		04E717072446C256006D54BB /* Assets.xcassets */ = {isa = PBXFileReference; lastKnownFileType = folder.assetcatalog; path = Assets.xcassets; sourceTree = "<group>"; };
		04E7170A2446C256006D54BB /* Base */ = {isa = PBXFileReference; lastKnownFileType = file.storyboard; name = Base; path = Base.lproj/LaunchScreen.storyboard; sourceTree = "<group>"; };
		04E7170C2446C256006D54BB /* Info.plist */ = {isa = PBXFileReference; lastKnownFileType = text.plist.xml; path = Info.plist; sourceTree = "<group>"; };
		04E7170D2446C256006D54BB /* main.m */ = {isa = PBXFileReference; lastKnownFileType = sourcecode.c.objc; path = main.m; sourceTree = "<group>"; };
		04E717132446C256006D54BB /* AsyncKit ContactPickerTests.xctest */ = {isa = PBXFileReference; explicitFileType = wrapper.cfbundle; includeInIndex = 0; path = "AsyncKit ContactPickerTests.xctest"; sourceTree = BUILT_PRODUCTS_DIR; };
		04E717172446C256006D54BB /* AsyncKit_ContactPickerTests.m */ = {isa = PBXFileReference; lastKnownFileType = sourcecode.c.objc; path = AsyncKit_ContactPickerTests.m; sourceTree = "<group>"; };
		04E717192446C256006D54BB /* Info.plist */ = {isa = PBXFileReference; lastKnownFileType = text.plist.xml; path = Info.plist; sourceTree = "<group>"; };
		42DF802F4A06EFF3255D17BC /* Pods-AsyncKit ContactPicker.debug.xcconfig */ = {isa = PBXFileReference; includeInIndex = 1; lastKnownFileType = text.xcconfig; name = "Pods-AsyncKit ContactPicker.debug.xcconfig"; path = "Target Support Files/Pods-AsyncKit ContactPicker/Pods-AsyncKit ContactPicker.debug.xcconfig"; sourceTree = "<group>"; };
		903AA29F5BF80D5202F316EA /* Pods-AsyncKit ContactPickerTests.release.xcconfig */ = {isa = PBXFileReference; includeInIndex = 1; lastKnownFileType = text.xcconfig; name = "Pods-AsyncKit ContactPickerTests.release.xcconfig"; path = "Target Support Files/Pods-AsyncKit ContactPickerTests/Pods-AsyncKit ContactPickerTests.release.xcconfig"; sourceTree = "<group>"; };
		CF36407A5BD2E2ACB938C66D /* Pods-AsyncKit ContactPickerTests.debug.xcconfig */ = {isa = PBXFileReference; includeInIndex = 1; lastKnownFileType = text.xcconfig; name = "Pods-AsyncKit ContactPickerTests.debug.xcconfig"; path = "Target Support Files/Pods-AsyncKit ContactPickerTests/Pods-AsyncKit ContactPickerTests.debug.xcconfig"; sourceTree = "<group>"; };
		D3263D69205A5588855E6CC7 /* Pods_AsyncKit_ContactPicker.framework */ = {isa = PBXFileReference; explicitFileType = wrapper.framework; includeInIndex = 0; path = Pods_AsyncKit_ContactPicker.framework; sourceTree = BUILT_PRODUCTS_DIR; };
		F53918B5CE8C78D535940334 /* Pods-AsyncKit ContactPicker.release.xcconfig */ = {isa = PBXFileReference; includeInIndex = 1; lastKnownFileType = text.xcconfig; name = "Pods-AsyncKit ContactPicker.release.xcconfig"; path = "Target Support Files/Pods-AsyncKit ContactPicker/Pods-AsyncKit ContactPicker.release.xcconfig"; sourceTree = "<group>"; };
		F87144D5B7D21DA18792319F /* Pods_AsyncKit_ContactPickerTests.framework */ = {isa = PBXFileReference; explicitFileType = wrapper.framework; includeInIndex = 0; path = Pods_AsyncKit_ContactPickerTests.framework; sourceTree = BUILT_PRODUCTS_DIR; };
/* End PBXFileReference section */

/* Begin PBXFrameworksBuildPhase section */
		04E716F52446C255006D54BB /* Frameworks */ = {
			isa = PBXFrameworksBuildPhase;
			buildActionMask = 2147483647;
			files = (
				C3F577B689B80DE3A894931E /* Pods_AsyncKit_ContactPicker.framework in Frameworks */,
				049FCE1E24475BDA00F285C4 /* Contacts.framework in Frameworks */,
				042AF5942451807600352CF6 /* ComponentKit.framework in Frameworks */,
			);
			runOnlyForDeploymentPostprocessing = 0;
		};
		04E717102446C256006D54BB /* Frameworks */ = {
			isa = PBXFrameworksBuildPhase;
			buildActionMask = 2147483647;
			files = (
				A12729C7175AABDC9B063B8D /* Pods_AsyncKit_ContactPickerTests.framework in Frameworks */,
			);
			runOnlyForDeploymentPostprocessing = 0;
		};
/* End PBXFrameworksBuildPhase section */

/* Begin PBXGroup section */
		04338A702451668E00DCE5B4 /* Products */ = {
			isa = PBXGroup;
			children = (
				04338A832451668E00DCE5B4 /* ComponentKit.framework */,
				04338A852451668E00DCE5B4 /* libComponentKitTestHelpers.a */,
				04338A872451668E00DCE5B4 /* ComponentKitPerfTests.xctest */,
				04338A892451668E00DCE5B4 /* ComponentKitTests.xctest */,
				04338A8B2451668E00DCE5B4 /* ComponentKitApplicationTests.xctest */,
				04338A8D2451668E00DCE5B4 /* ComponentTextKitApplicationTests.xctest */,
				04338A8F2451668E00DCE5B4 /* ComponentKitApplicationsTestsHost.app */,
				04338A912451668E00DCE5B4 /* ComponentKit.framework */,
				04338A932451668E00DCE5B4 /* libComponentKitTestHelpers.a */,
				04338A952451668E00DCE5B4 /* ComponentKitTestsAppleTV.xctest */,
				04338A972451668E00DCE5B4 /* RenderCore.framework */,
				04338A992451668E00DCE5B4 /* RenderCore.framework */,
				04338A9B2451668E00DCE5B4 /* CKSwift.framework */,
				04338A9D2451668E00DCE5B4 /* CKSwiftTests.xctest */,
			);
			name = Products;
			sourceTree = "<group>";
		};
		0454CD2A2446F86700D34849 /* Screens */ = {
			isa = PBXGroup;
			children = (
				0490DEDE2446C58800ABB676 /* ASDKViewController.h */,
				0490DEDF2446C58800ABB676 /* ASDKViewController.m */,
				046844A224514A8A00B47DB8 /* CKViewController.h */,
				046844A324514A8A00B47DB8 /* CKViewController.m */,
			);
			path = Screens;
			sourceTree = "<group>";
		};
		0454CD2B2446F87000D34849 /* Fragments */ = {
			isa = PBXGroup;
			children = (
				0468449D2451332D00B47DB8 /* StateView */,
				0476990F2448433900CEF11A /* PickerCollection */,
				0476990E2448432C00CEF11A /* PickerTable */,
			);
			path = Fragments;
			sourceTree = "<group>";
		};
		0454CD2C2446F87700D34849 /* Entities */ = {
			isa = PBXGroup;
			children = (
				0454CD372446F8DF00D34849 /* Contact.h */,
				0454CD362446F8DF00D34849 /* Contact.mm */,
			);
			path = Entities;
			sourceTree = "<group>";
		};
		0454CD2D2446F87D00D34849 /* ViewModels */ = {
			isa = PBXGroup;
			children = (
				049FCE2324475F7A00F285C4 /* PickerViewModel.h */,
				049FCE2424475F7A00F285C4 /* PickerViewModel.m */,
			);
			path = ViewModels;
			sourceTree = "<group>";
		};
		0454CD322446F8C000D34849 /* Protocol */ = {
			isa = PBXGroup;
			children = (
				0454CD332446F8C000D34849 /* ContactDidChangedDelegate.h */,
			);
			path = Protocol;
			sourceTree = "<group>";
		};
		0454CD392446F94400D34849 /* Helpers */ = {
			isa = PBXGroup;
			children = (
				0454CD402446F94400D34849 /* Caching */,
				0454CD442446F94400D34849 /* ColorHelper.h */,
				0454CD3B2446F94400D34849 /* ColorHelper.mm */,
				0454CD3F2446F94400D34849 /* StringHelper.h */,
				0454CD3E2446F94400D34849 /* StringHelper.mm */,
			);
			path = Helpers;
			sourceTree = "<group>";
		};
		0454CD402446F94400D34849 /* Caching */ = {
			isa = PBXGroup;
			children = (
				0454CD412446F94400D34849 /* ImageCache.mm */,
				0454CD422446F94400D34849 /* ImageCache.h */,
			);
			path = Caching;
			sourceTree = "<group>";
		};
		0468449D2451332D00B47DB8 /* StateView */ = {
			isa = PBXGroup;
			children = (
				0468449E2451335200B47DB8 /* StateView.h */,
				0468449F2451335200B47DB8 /* StateView.m */,
			);
			path = StateView;
			sourceTree = "<group>";
		};
		0476990E2448432C00CEF11A /* PickerTable */ = {
			isa = PBXGroup;
			children = (
				049FCE1924474FBE00F285C4 /* PickerTableCellNode.h */,
				049FCE1A24474FBE00F285C4 /* PickerTableCellNode.m */,
				049FCE1F24475D9D00F285C4 /* PickerTableNode.h */,
				049FCE2024475D9D00F285C4 /* PickerTableNode.m */,
				042AF57024517D6400352CF6 /* CKPickerTableCell.h */,
				042AF57124517D6400352CF6 /* CKPickerTableCell.mm */,
			);
			path = PickerTable;
			sourceTree = "<group>";
		};
		0476990F2448433900CEF11A /* PickerCollection */ = {
			isa = PBXGroup;
			children = (
				047699102448435C00CEF11A /* PickerCollectionCellNode.h */,
				047699112448435C00CEF11A /* PickerCollectionCellNode.m */,
				0476991424484F1B00CEF11A /* PickerCollectionNode.h */,
				0476991524484F1B00CEF11A /* PickerCollectionNode.m */,
			);
			path = PickerCollection;
			sourceTree = "<group>";
		};
		0490DEDA2446C55200ABB676 /* Presentation */ = {
			isa = PBXGroup;
			children = (
				0454CD2B2446F87000D34849 /* Fragments */,
				0454CD2A2446F86700D34849 /* Screens */,
			);
			path = Presentation;
			sourceTree = "<group>";
		};
		0490DEDB2446C55800ABB676 /* Business */ = {
			isa = PBXGroup;
			children = (
				0454CD2F2446F8B700D34849 /* ContactBusiness.h */,
				0454CD2E2446F8B700D34849 /* ContactBusiness.m */,
			);
			path = Business;
			sourceTree = "<group>";
		};
		0490DEDC2446C55C00ABB676 /* DataAccess */ = {
			isa = PBXGroup;
			children = (
				0454CD322446F8C000D34849 /* Protocol */,
				0454CD342446F8C000D34849 /* ContactAdaper.h */,
				0454CD312446F8C000D34849 /* ContactAdaper.m */,
			);
			path = DataAccess;
			sourceTree = "<group>";
		};
		0490DEDD2446C56100ABB676 /* Models */ = {
			isa = PBXGroup;
			children = (
				0454CD2D2446F87D00D34849 /* ViewModels */,
				0454CD2C2446F87700D34849 /* Entities */,
			);
			path = Models;
			sourceTree = "<group>";
		};
		04E716EF2446C255006D54BB = {
			isa = PBXGroup;
			children = (
				04E716FA2446C255006D54BB /* AsyncKit ContactPicker */,
				04E717162446C256006D54BB /* AsyncKit ContactPickerTests */,
				04E716F92446C255006D54BB /* Products */,
				4680A6A7BF5D8FA5611D378E /* Pods */,
				3CC9E107C958142E7FACBFAA /* Frameworks */,
			);
			sourceTree = "<group>";
		};
		04E716F92446C255006D54BB /* Products */ = {
			isa = PBXGroup;
			children = (
				04E716F82446C255006D54BB /* AsyncKit ContactPicker.app */,
				04E717132446C256006D54BB /* AsyncKit ContactPickerTests.xctest */,
			);
			name = Products;
			sourceTree = "<group>";
		};
		04E716FA2446C255006D54BB /* AsyncKit ContactPicker */ = {
			isa = PBXGroup;
			children = (
				0454CD392446F94400D34849 /* Helpers */,
				0490DEDA2446C55200ABB676 /* Presentation */,
				0490DEDB2446C55800ABB676 /* Business */,
				0490DEDC2446C55C00ABB676 /* DataAccess */,
				0490DEDD2446C56100ABB676 /* Models */,
				0454CD452446F94400D34849 /* AppConsts.h */,
				04E716FB2446C255006D54BB /* AppDelegate.h */,
				04E716FC2446C255006D54BB /* AppDelegate.m */,
				04E716FE2446C255006D54BB /* SceneDelegate.h */,
				04E716FF2446C255006D54BB /* SceneDelegate.m */,
				04E717072446C256006D54BB /* Assets.xcassets */,
				04E717092446C256006D54BB /* LaunchScreen.storyboard */,
				04E7170C2446C256006D54BB /* Info.plist */,
				04E7170D2446C256006D54BB /* main.m */,
			);
			path = "AsyncKit ContactPicker";
			sourceTree = "<group>";
		};
		04E717162446C256006D54BB /* AsyncKit ContactPickerTests */ = {
			isa = PBXGroup;
			children = (
				04E717172446C256006D54BB /* AsyncKit_ContactPickerTests.m */,
				04E717192446C256006D54BB /* Info.plist */,
			);
			path = "AsyncKit ContactPickerTests";
			sourceTree = "<group>";
		};
		3CC9E107C958142E7FACBFAA /* Frameworks */ = {
			isa = PBXGroup;
			children = (
				04338A6F2451668E00DCE5B4 /* ComponentKit.xcodeproj */,
				049FCE1D24475BDA00F285C4 /* Contacts.framework */,
				D3263D69205A5588855E6CC7 /* Pods_AsyncKit_ContactPicker.framework */,
				F87144D5B7D21DA18792319F /* Pods_AsyncKit_ContactPickerTests.framework */,
			);
			name = Frameworks;
			sourceTree = "<group>";
		};
		4680A6A7BF5D8FA5611D378E /* Pods */ = {
			isa = PBXGroup;
			children = (
				42DF802F4A06EFF3255D17BC /* Pods-AsyncKit ContactPicker.debug.xcconfig */,
				F53918B5CE8C78D535940334 /* Pods-AsyncKit ContactPicker.release.xcconfig */,
				CF36407A5BD2E2ACB938C66D /* Pods-AsyncKit ContactPickerTests.debug.xcconfig */,
				903AA29F5BF80D5202F316EA /* Pods-AsyncKit ContactPickerTests.release.xcconfig */,
			);
			path = Pods;
			sourceTree = "<group>";
		};
/* End PBXGroup section */

/* Begin PBXNativeTarget section */
		04E716F72446C255006D54BB /* AsyncKit ContactPicker */ = {
			isa = PBXNativeTarget;
			buildConfigurationList = 04E7171C2446C256006D54BB /* Build configuration list for PBXNativeTarget "AsyncKit ContactPicker" */;
			buildPhases = (
				7BDF2184196CA6C4273B56C6 /* [CP] Check Pods Manifest.lock */,
				04E716F42446C255006D54BB /* Sources */,
				04E716F52446C255006D54BB /* Frameworks */,
				04E716F62446C255006D54BB /* Resources */,
				059104D800971307D516A669 /* [CP] Embed Pods Frameworks */,
				042AF5962451807600352CF6 /* Embed Frameworks */,
			);
			buildRules = (
			);
			dependencies = (
			);
			name = "AsyncKit ContactPicker";
			productName = "AsyncKit ContactPicker";
			productReference = 04E716F82446C255006D54BB /* AsyncKit ContactPicker.app */;
			productType = "com.apple.product-type.application";
		};
		04E717122446C256006D54BB /* AsyncKit ContactPickerTests */ = {
			isa = PBXNativeTarget;
			buildConfigurationList = 04E7171F2446C256006D54BB /* Build configuration list for PBXNativeTarget "AsyncKit ContactPickerTests" */;
			buildPhases = (
				8566812B21E4930574E752F6 /* [CP] Check Pods Manifest.lock */,
				04E7170F2446C256006D54BB /* Sources */,
				04E717102446C256006D54BB /* Frameworks */,
				04E717112446C256006D54BB /* Resources */,
			);
			buildRules = (
			);
			dependencies = (
				04E717152446C256006D54BB /* PBXTargetDependency */,
			);
			name = "AsyncKit ContactPickerTests";
			productName = "AsyncKit ContactPickerTests";
			productReference = 04E717132446C256006D54BB /* AsyncKit ContactPickerTests.xctest */;
			productType = "com.apple.product-type.bundle.unit-test";
		};
/* End PBXNativeTarget section */

/* Begin PBXProject section */
		04E716F02446C255006D54BB /* Project object */ = {
			isa = PBXProject;
			attributes = {
				LastUpgradeCheck = 1130;
				ORGANIZATIONNAME = "Trần Đình Tôn Hiếu";
				TargetAttributes = {
					04E716F72446C255006D54BB = {
						CreatedOnToolsVersion = 11.3.1;
					};
					04E717122446C256006D54BB = {
						CreatedOnToolsVersion = 11.3.1;
						TestTargetID = 04E716F72446C255006D54BB;
					};
				};
			};
			buildConfigurationList = 04E716F32446C255006D54BB /* Build configuration list for PBXProject "AsyncKit ContactPicker" */;
			compatibilityVersion = "Xcode 9.3";
			developmentRegion = en;
			hasScannedForEncodings = 0;
			knownRegions = (
				en,
				Base,
			);
			mainGroup = 04E716EF2446C255006D54BB;
			productRefGroup = 04E716F92446C255006D54BB /* Products */;
			projectDirPath = "";
			projectReferences = (
				{
					ProductGroup = 04338A702451668E00DCE5B4 /* Products */;
					ProjectRef = 04338A6F2451668E00DCE5B4 /* ComponentKit.xcodeproj */;
				},
			);
			projectRoot = "";
			targets = (
				04E716F72446C255006D54BB /* AsyncKit ContactPicker */,
				04E717122446C256006D54BB /* AsyncKit ContactPickerTests */,
			);
		};
/* End PBXProject section */

/* Begin PBXReferenceProxy section */
		04338A832451668E00DCE5B4 /* ComponentKit.framework */ = {
			isa = PBXReferenceProxy;
			fileType = wrapper.framework;
			path = ComponentKit.framework;
			remoteRef = 04338A822451668E00DCE5B4 /* PBXContainerItemProxy */;
			sourceTree = BUILT_PRODUCTS_DIR;
		};
		04338A852451668E00DCE5B4 /* libComponentKitTestHelpers.a */ = {
			isa = PBXReferenceProxy;
			fileType = archive.ar;
			path = libComponentKitTestHelpers.a;
			remoteRef = 04338A842451668E00DCE5B4 /* PBXContainerItemProxy */;
			sourceTree = BUILT_PRODUCTS_DIR;
		};
		04338A872451668E00DCE5B4 /* ComponentKitPerfTests.xctest */ = {
			isa = PBXReferenceProxy;
			fileType = wrapper.cfbundle;
			path = ComponentKitPerfTests.xctest;
			remoteRef = 04338A862451668E00DCE5B4 /* PBXContainerItemProxy */;
			sourceTree = BUILT_PRODUCTS_DIR;
		};
		04338A892451668E00DCE5B4 /* ComponentKitTests.xctest */ = {
			isa = PBXReferenceProxy;
			fileType = wrapper.cfbundle;
			path = ComponentKitTests.xctest;
			remoteRef = 04338A882451668E00DCE5B4 /* PBXContainerItemProxy */;
			sourceTree = BUILT_PRODUCTS_DIR;
		};
		04338A8B2451668E00DCE5B4 /* ComponentKitApplicationTests.xctest */ = {
			isa = PBXReferenceProxy;
			fileType = wrapper.cfbundle;
			path = ComponentKitApplicationTests.xctest;
			remoteRef = 04338A8A2451668E00DCE5B4 /* PBXContainerItemProxy */;
			sourceTree = BUILT_PRODUCTS_DIR;
		};
		04338A8D2451668E00DCE5B4 /* ComponentTextKitApplicationTests.xctest */ = {
			isa = PBXReferenceProxy;
			fileType = wrapper.cfbundle;
			path = ComponentTextKitApplicationTests.xctest;
			remoteRef = 04338A8C2451668E00DCE5B4 /* PBXContainerItemProxy */;
			sourceTree = BUILT_PRODUCTS_DIR;
		};
		04338A8F2451668E00DCE5B4 /* ComponentKitApplicationsTestsHost.app */ = {
			isa = PBXReferenceProxy;
			fileType = wrapper.application;
			path = ComponentKitApplicationsTestsHost.app;
			remoteRef = 04338A8E2451668E00DCE5B4 /* PBXContainerItemProxy */;
			sourceTree = BUILT_PRODUCTS_DIR;
		};
		04338A912451668E00DCE5B4 /* ComponentKit.framework */ = {
			isa = PBXReferenceProxy;
			fileType = wrapper.framework;
			path = ComponentKit.framework;
			remoteRef = 04338A902451668E00DCE5B4 /* PBXContainerItemProxy */;
			sourceTree = BUILT_PRODUCTS_DIR;
		};
		04338A932451668E00DCE5B4 /* libComponentKitTestHelpers.a */ = {
			isa = PBXReferenceProxy;
			fileType = archive.ar;
			path = libComponentKitTestHelpers.a;
			remoteRef = 04338A922451668E00DCE5B4 /* PBXContainerItemProxy */;
			sourceTree = BUILT_PRODUCTS_DIR;
		};
		04338A952451668E00DCE5B4 /* ComponentKitTestsAppleTV.xctest */ = {
			isa = PBXReferenceProxy;
			fileType = wrapper.cfbundle;
			path = ComponentKitTestsAppleTV.xctest;
			remoteRef = 04338A942451668E00DCE5B4 /* PBXContainerItemProxy */;
			sourceTree = BUILT_PRODUCTS_DIR;
		};
		04338A972451668E00DCE5B4 /* RenderCore.framework */ = {
			isa = PBXReferenceProxy;
			fileType = wrapper.framework;
			path = RenderCore.framework;
			remoteRef = 04338A962451668E00DCE5B4 /* PBXContainerItemProxy */;
			sourceTree = BUILT_PRODUCTS_DIR;
		};
		04338A992451668E00DCE5B4 /* RenderCore.framework */ = {
			isa = PBXReferenceProxy;
			fileType = wrapper.framework;
			path = RenderCore.framework;
			remoteRef = 04338A982451668E00DCE5B4 /* PBXContainerItemProxy */;
			sourceTree = BUILT_PRODUCTS_DIR;
		};
		04338A9B2451668E00DCE5B4 /* CKSwift.framework */ = {
			isa = PBXReferenceProxy;
			fileType = wrapper.framework;
			path = CKSwift.framework;
			remoteRef = 04338A9A2451668E00DCE5B4 /* PBXContainerItemProxy */;
			sourceTree = BUILT_PRODUCTS_DIR;
		};
		04338A9D2451668E00DCE5B4 /* CKSwiftTests.xctest */ = {
			isa = PBXReferenceProxy;
			fileType = wrapper.cfbundle;
			path = CKSwiftTests.xctest;
			remoteRef = 04338A9C2451668E00DCE5B4 /* PBXContainerItemProxy */;
			sourceTree = BUILT_PRODUCTS_DIR;
		};
/* End PBXReferenceProxy section */

/* Begin PBXResourcesBuildPhase section */
		04E716F62446C255006D54BB /* Resources */ = {
			isa = PBXResourcesBuildPhase;
			buildActionMask = 2147483647;
			files = (
				04E7170B2446C256006D54BB /* LaunchScreen.storyboard in Resources */,
				04E717082446C256006D54BB /* Assets.xcassets in Resources */,
			);
			runOnlyForDeploymentPostprocessing = 0;
		};
		04E717112446C256006D54BB /* Resources */ = {
			isa = PBXResourcesBuildPhase;
			buildActionMask = 2147483647;
			files = (
			);
			runOnlyForDeploymentPostprocessing = 0;
		};
/* End PBXResourcesBuildPhase section */

/* Begin PBXShellScriptBuildPhase section */
		059104D800971307D516A669 /* [CP] Embed Pods Frameworks */ = {
			isa = PBXShellScriptBuildPhase;
			buildActionMask = 2147483647;
			files = (
			);
			inputFileListPaths = (
				"${PODS_ROOT}/Target Support Files/Pods-AsyncKit ContactPicker/Pods-AsyncKit ContactPicker-frameworks-${CONFIGURATION}-input-files.xcfilelist",
			);
			name = "[CP] Embed Pods Frameworks";
			outputFileListPaths = (
				"${PODS_ROOT}/Target Support Files/Pods-AsyncKit ContactPicker/Pods-AsyncKit ContactPicker-frameworks-${CONFIGURATION}-output-files.xcfilelist",
			);
			runOnlyForDeploymentPostprocessing = 0;
			shellPath = /bin/sh;
			shellScript = "\"${PODS_ROOT}/Target Support Files/Pods-AsyncKit ContactPicker/Pods-AsyncKit ContactPicker-frameworks.sh\"\n";
			showEnvVarsInLog = 0;
		};
		7BDF2184196CA6C4273B56C6 /* [CP] Check Pods Manifest.lock */ = {
			isa = PBXShellScriptBuildPhase;
			buildActionMask = 2147483647;
			files = (
			);
			inputFileListPaths = (
			);
			inputPaths = (
				"${PODS_PODFILE_DIR_PATH}/Podfile.lock",
				"${PODS_ROOT}/Manifest.lock",
			);
			name = "[CP] Check Pods Manifest.lock";
			outputFileListPaths = (
			);
			outputPaths = (
				"$(DERIVED_FILE_DIR)/Pods-AsyncKit ContactPicker-checkManifestLockResult.txt",
			);
			runOnlyForDeploymentPostprocessing = 0;
			shellPath = /bin/sh;
			shellScript = "diff \"${PODS_PODFILE_DIR_PATH}/Podfile.lock\" \"${PODS_ROOT}/Manifest.lock\" > /dev/null\nif [ $? != 0 ] ; then\n    # print error to STDERR\n    echo \"error: The sandbox is not in sync with the Podfile.lock. Run 'pod install' or update your CocoaPods installation.\" >&2\n    exit 1\nfi\n# This output is used by Xcode 'outputs' to avoid re-running this script phase.\necho \"SUCCESS\" > \"${SCRIPT_OUTPUT_FILE_0}\"\n";
			showEnvVarsInLog = 0;
		};
		8566812B21E4930574E752F6 /* [CP] Check Pods Manifest.lock */ = {
			isa = PBXShellScriptBuildPhase;
			buildActionMask = 2147483647;
			files = (
			);
			inputFileListPaths = (
			);
			inputPaths = (
				"${PODS_PODFILE_DIR_PATH}/Podfile.lock",
				"${PODS_ROOT}/Manifest.lock",
			);
			name = "[CP] Check Pods Manifest.lock";
			outputFileListPaths = (
			);
			outputPaths = (
				"$(DERIVED_FILE_DIR)/Pods-AsyncKit ContactPickerTests-checkManifestLockResult.txt",
			);
			runOnlyForDeploymentPostprocessing = 0;
			shellPath = /bin/sh;
			shellScript = "diff \"${PODS_PODFILE_DIR_PATH}/Podfile.lock\" \"${PODS_ROOT}/Manifest.lock\" > /dev/null\nif [ $? != 0 ] ; then\n    # print error to STDERR\n    echo \"error: The sandbox is not in sync with the Podfile.lock. Run 'pod install' or update your CocoaPods installation.\" >&2\n    exit 1\nfi\n# This output is used by Xcode 'outputs' to avoid re-running this script phase.\necho \"SUCCESS\" > \"${SCRIPT_OUTPUT_FILE_0}\"\n";
			showEnvVarsInLog = 0;
		};
/* End PBXShellScriptBuildPhase section */

/* Begin PBXSourcesBuildPhase section */
		04E716F42446C255006D54BB /* Sources */ = {
			isa = PBXSourcesBuildPhase;
			buildActionMask = 2147483647;
			files = (
				04E716FD2446C255006D54BB /* AppDelegate.m in Sources */,
				0476991624484F1B00CEF11A /* PickerCollectionNode.m in Sources */,
				046844A02451335200B47DB8 /* StateView.m in Sources */,
				04E7170E2446C256006D54BB /* main.m in Sources */,
				049FCE2124475D9D00F285C4 /* PickerTableNode.m in Sources */,
				0454CD302446F8B700D34849 /* ContactBusiness.m in Sources */,
				042AF57224517D6400352CF6 /* CKPickerTableCell.mm in Sources */,
				0454CD352446F8C000D34849 /* ContactAdaper.m in Sources */,
				0454CD382446F8DF00D34849 /* Contact.mm in Sources */,
				0454CD462446F94400D34849 /* ColorHelper.mm in Sources */,
				047699122448435C00CEF11A /* PickerCollectionCellNode.m in Sources */,
				0454CD482446F94400D34849 /* StringHelper.mm in Sources */,
				04E717002446C255006D54BB /* SceneDelegate.m in Sources */,
				0490DEE02446C58800ABB676 /* ASDKViewController.m in Sources */,
				046844A424514A8A00B47DB8 /* CKViewController.m in Sources */,
				0454CD492446F94400D34849 /* ImageCache.mm in Sources */,
				049FCE2524475F7A00F285C4 /* PickerViewModel.m in Sources */,
				049FCE1B24474FBE00F285C4 /* PickerTableCellNode.m in Sources */,
			);
			runOnlyForDeploymentPostprocessing = 0;
		};
		04E7170F2446C256006D54BB /* Sources */ = {
			isa = PBXSourcesBuildPhase;
			buildActionMask = 2147483647;
			files = (
				049FCE2224475D9D00F285C4 /* PickerTableNode.m in Sources */,
				0476991724484F1B00CEF11A /* PickerCollectionNode.m in Sources */,
				042AF57324517D6400352CF6 /* CKPickerTableCell.mm in Sources */,
				046844A12451335200B47DB8 /* StateView.m in Sources */,
				049FCE2624475F7A00F285C4 /* PickerViewModel.m in Sources */,
				04E717182446C256006D54BB /* AsyncKit_ContactPickerTests.m in Sources */,
				046844A524514A8A00B47DB8 /* CKViewController.m in Sources */,
				0490DEE12446C58800ABB676 /* ASDKViewController.m in Sources */,
				049FCE1C24474FBE00F285C4 /* PickerTableCellNode.m in Sources */,
				047699132448435C00CEF11A /* PickerCollectionCellNode.m in Sources */,
			);
			runOnlyForDeploymentPostprocessing = 0;
		};
/* End PBXSourcesBuildPhase section */

/* Begin PBXTargetDependency section */
		04E717152446C256006D54BB /* PBXTargetDependency */ = {
			isa = PBXTargetDependency;
			target = 04E716F72446C255006D54BB /* AsyncKit ContactPicker */;
			targetProxy = 04E717142446C256006D54BB /* PBXContainerItemProxy */;
		};
/* End PBXTargetDependency section */

/* Begin PBXVariantGroup section */
		04E717092446C256006D54BB /* LaunchScreen.storyboard */ = {
			isa = PBXVariantGroup;
			children = (
				04E7170A2446C256006D54BB /* Base */,
			);
			name = LaunchScreen.storyboard;
			sourceTree = "<group>";
		};
/* End PBXVariantGroup section */

/* Begin XCBuildConfiguration section */
		04E7171A2446C256006D54BB /* Debug */ = {
			isa = XCBuildConfiguration;
			buildSettings = {
				ALWAYS_SEARCH_USER_PATHS = NO;
				CLANG_ANALYZER_NONNULL = YES;
				CLANG_ANALYZER_NUMBER_OBJECT_CONVERSION = YES_AGGRESSIVE;
				CLANG_CXX_LANGUAGE_STANDARD = "gnu++14";
				CLANG_CXX_LIBRARY = "libc++";
				CLANG_ENABLE_MODULES = YES;
				CLANG_ENABLE_OBJC_ARC = YES;
				CLANG_ENABLE_OBJC_WEAK = YES;
				CLANG_WARN_BLOCK_CAPTURE_AUTORELEASING = YES;
				CLANG_WARN_BOOL_CONVERSION = YES;
				CLANG_WARN_COMMA = YES;
				CLANG_WARN_CONSTANT_CONVERSION = YES;
				CLANG_WARN_DEPRECATED_OBJC_IMPLEMENTATIONS = YES;
				CLANG_WARN_DIRECT_OBJC_ISA_USAGE = YES_ERROR;
				CLANG_WARN_DOCUMENTATION_COMMENTS = YES;
				CLANG_WARN_EMPTY_BODY = YES;
				CLANG_WARN_ENUM_CONVERSION = YES;
				CLANG_WARN_INFINITE_RECURSION = YES;
				CLANG_WARN_INT_CONVERSION = YES;
				CLANG_WARN_NON_LITERAL_NULL_CONVERSION = YES;
				CLANG_WARN_OBJC_IMPLICIT_RETAIN_SELF = YES;
				CLANG_WARN_OBJC_LITERAL_CONVERSION = YES;
				CLANG_WARN_OBJC_ROOT_CLASS = YES_ERROR;
				CLANG_WARN_RANGE_LOOP_ANALYSIS = YES;
				CLANG_WARN_STRICT_PROTOTYPES = YES;
				CLANG_WARN_SUSPICIOUS_MOVE = YES;
				CLANG_WARN_UNGUARDED_AVAILABILITY = YES_AGGRESSIVE;
				CLANG_WARN_UNREACHABLE_CODE = YES;
				CLANG_WARN__DUPLICATE_METHOD_MATCH = YES;
				COPY_PHASE_STRIP = NO;
				DEBUG_INFORMATION_FORMAT = dwarf;
				ENABLE_STRICT_OBJC_MSGSEND = YES;
				ENABLE_TESTABILITY = YES;
				GCC_C_LANGUAGE_STANDARD = gnu11;
				GCC_DYNAMIC_NO_PIC = NO;
				GCC_NO_COMMON_BLOCKS = YES;
				GCC_OPTIMIZATION_LEVEL = 0;
				GCC_PREPROCESSOR_DEFINITIONS = (
					"DEBUG=1",
					"$(inherited)",
				);
				GCC_WARN_64_TO_32_BIT_CONVERSION = YES;
				GCC_WARN_ABOUT_RETURN_TYPE = YES_ERROR;
				GCC_WARN_UNDECLARED_SELECTOR = YES;
				GCC_WARN_UNINITIALIZED_AUTOS = YES_AGGRESSIVE;
				GCC_WARN_UNUSED_FUNCTION = YES;
				GCC_WARN_UNUSED_VARIABLE = YES;
				IPHONEOS_DEPLOYMENT_TARGET = 13.2;
				MTL_ENABLE_DEBUG_INFO = INCLUDE_SOURCE;
				MTL_FAST_MATH = YES;
				ONLY_ACTIVE_ARCH = YES;
				SDKROOT = iphoneos;
			};
			name = Debug;
		};
		04E7171B2446C256006D54BB /* Release */ = {
			isa = XCBuildConfiguration;
			buildSettings = {
				ALWAYS_SEARCH_USER_PATHS = NO;
				CLANG_ANALYZER_NONNULL = YES;
				CLANG_ANALYZER_NUMBER_OBJECT_CONVERSION = YES_AGGRESSIVE;
				CLANG_CXX_LANGUAGE_STANDARD = "gnu++14";
				CLANG_CXX_LIBRARY = "libc++";
				CLANG_ENABLE_MODULES = YES;
				CLANG_ENABLE_OBJC_ARC = YES;
				CLANG_ENABLE_OBJC_WEAK = YES;
				CLANG_WARN_BLOCK_CAPTURE_AUTORELEASING = YES;
				CLANG_WARN_BOOL_CONVERSION = YES;
				CLANG_WARN_COMMA = YES;
				CLANG_WARN_CONSTANT_CONVERSION = YES;
				CLANG_WARN_DEPRECATED_OBJC_IMPLEMENTATIONS = YES;
				CLANG_WARN_DIRECT_OBJC_ISA_USAGE = YES_ERROR;
				CLANG_WARN_DOCUMENTATION_COMMENTS = YES;
				CLANG_WARN_EMPTY_BODY = YES;
				CLANG_WARN_ENUM_CONVERSION = YES;
				CLANG_WARN_INFINITE_RECURSION = YES;
				CLANG_WARN_INT_CONVERSION = YES;
				CLANG_WARN_NON_LITERAL_NULL_CONVERSION = YES;
				CLANG_WARN_OBJC_IMPLICIT_RETAIN_SELF = YES;
				CLANG_WARN_OBJC_LITERAL_CONVERSION = YES;
				CLANG_WARN_OBJC_ROOT_CLASS = YES_ERROR;
				CLANG_WARN_RANGE_LOOP_ANALYSIS = YES;
				CLANG_WARN_STRICT_PROTOTYPES = YES;
				CLANG_WARN_SUSPICIOUS_MOVE = YES;
				CLANG_WARN_UNGUARDED_AVAILABILITY = YES_AGGRESSIVE;
				CLANG_WARN_UNREACHABLE_CODE = YES;
				CLANG_WARN__DUPLICATE_METHOD_MATCH = YES;
				COPY_PHASE_STRIP = NO;
				DEBUG_INFORMATION_FORMAT = "dwarf-with-dsym";
				ENABLE_NS_ASSERTIONS = NO;
				ENABLE_STRICT_OBJC_MSGSEND = YES;
				GCC_C_LANGUAGE_STANDARD = gnu11;
				GCC_NO_COMMON_BLOCKS = YES;
				GCC_WARN_64_TO_32_BIT_CONVERSION = YES;
				GCC_WARN_ABOUT_RETURN_TYPE = YES_ERROR;
				GCC_WARN_UNDECLARED_SELECTOR = YES;
				GCC_WARN_UNINITIALIZED_AUTOS = YES_AGGRESSIVE;
				GCC_WARN_UNUSED_FUNCTION = YES;
				GCC_WARN_UNUSED_VARIABLE = YES;
				IPHONEOS_DEPLOYMENT_TARGET = 13.2;
				MTL_ENABLE_DEBUG_INFO = NO;
				MTL_FAST_MATH = YES;
				SDKROOT = iphoneos;
				VALIDATE_PRODUCT = YES;
			};
			name = Release;
		};
		04E7171D2446C256006D54BB /* Debug */ = {
			isa = XCBuildConfiguration;
			baseConfigurationReference = 42DF802F4A06EFF3255D17BC /* Pods-AsyncKit ContactPicker.debug.xcconfig */;
			buildSettings = {
				ASSETCATALOG_COMPILER_APPICON_NAME = AppIcon;
				CODE_SIGN_STYLE = Automatic;
				DEVELOPMENT_TEAM = VC54UPHUD4;
				INFOPLIST_FILE = "AsyncKit ContactPicker/Info.plist";
				LD_RUNPATH_SEARCH_PATHS = (
					"$(inherited)",
					"@executable_path/Frameworks",
				);
				PRODUCT_BUNDLE_IDENTIFIER = "zalo.hieutdt.AsyncKit-ContactPicker";
				PRODUCT_NAME = "$(TARGET_NAME)";
				TARGETED_DEVICE_FAMILY = "1,2";
			};
			name = Debug;
		};
		04E7171E2446C256006D54BB /* Release */ = {
			isa = XCBuildConfiguration;
			baseConfigurationReference = F53918B5CE8C78D535940334 /* Pods-AsyncKit ContactPicker.release.xcconfig */;
			buildSettings = {
				ASSETCATALOG_COMPILER_APPICON_NAME = AppIcon;
				CODE_SIGN_STYLE = Automatic;
				DEVELOPMENT_TEAM = VC54UPHUD4;
				INFOPLIST_FILE = "AsyncKit ContactPicker/Info.plist";
				LD_RUNPATH_SEARCH_PATHS = (
					"$(inherited)",
					"@executable_path/Frameworks",
				);
				PRODUCT_BUNDLE_IDENTIFIER = "zalo.hieutdt.AsyncKit-ContactPicker";
				PRODUCT_NAME = "$(TARGET_NAME)";
				TARGETED_DEVICE_FAMILY = "1,2";
			};
			name = Release;
		};
		04E717202446C256006D54BB /* Debug */ = {
			isa = XCBuildConfiguration;
			baseConfigurationReference = CF36407A5BD2E2ACB938C66D /* Pods-AsyncKit ContactPickerTests.debug.xcconfig */;
			buildSettings = {
				BUNDLE_LOADER = "$(TEST_HOST)";
				CODE_SIGN_STYLE = Automatic;
				DEVELOPMENT_TEAM = VC54UPHUD4;
				INFOPLIST_FILE = "AsyncKit ContactPickerTests/Info.plist";
				IPHONEOS_DEPLOYMENT_TARGET = 13.2;
				LD_RUNPATH_SEARCH_PATHS = (
					"$(inherited)",
					"@executable_path/Frameworks",
					"@loader_path/Frameworks",
				);
				PRODUCT_BUNDLE_IDENTIFIER = "zalo.hieutdt.AsyncKit-ContactPickerTests";
				PRODUCT_NAME = "$(TARGET_NAME)";
				TARGETED_DEVICE_FAMILY = "1,2";
				TEST_HOST = "$(BUILT_PRODUCTS_DIR)/AsyncKit ContactPicker.app/AsyncKit ContactPicker";
			};
			name = Debug;
		};
		04E717212446C256006D54BB /* Release */ = {
			isa = XCBuildConfiguration;
			baseConfigurationReference = 903AA29F5BF80D5202F316EA /* Pods-AsyncKit ContactPickerTests.release.xcconfig */;
			buildSettings = {
				BUNDLE_LOADER = "$(TEST_HOST)";
				CODE_SIGN_STYLE = Automatic;
				DEVELOPMENT_TEAM = VC54UPHUD4;
				INFOPLIST_FILE = "AsyncKit ContactPickerTests/Info.plist";
				IPHONEOS_DEPLOYMENT_TARGET = 13.2;
				LD_RUNPATH_SEARCH_PATHS = (
					"$(inherited)",
					"@executable_path/Frameworks",
					"@loader_path/Frameworks",
				);
				PRODUCT_BUNDLE_IDENTIFIER = "zalo.hieutdt.AsyncKit-ContactPickerTests";
				PRODUCT_NAME = "$(TARGET_NAME)";
				TARGETED_DEVICE_FAMILY = "1,2";
				TEST_HOST = "$(BUILT_PRODUCTS_DIR)/AsyncKit ContactPicker.app/AsyncKit ContactPicker";
			};
			name = Release;
		};
/* End XCBuildConfiguration section */

/* Begin XCConfigurationList section */
		04E716F32446C255006D54BB /* Build configuration list for PBXProject "AsyncKit ContactPicker" */ = {
			isa = XCConfigurationList;
			buildConfigurations = (
				04E7171A2446C256006D54BB /* Debug */,
				04E7171B2446C256006D54BB /* Release */,
			);
			defaultConfigurationIsVisible = 0;
			defaultConfigurationName = Release;
		};
		04E7171C2446C256006D54BB /* Build configuration list for PBXNativeTarget "AsyncKit ContactPicker" */ = {
			isa = XCConfigurationList;
			buildConfigurations = (
				04E7171D2446C256006D54BB /* Debug */,
				04E7171E2446C256006D54BB /* Release */,
			);
			defaultConfigurationIsVisible = 0;
			defaultConfigurationName = Release;
		};
		04E7171F2446C256006D54BB /* Build configuration list for PBXNativeTarget "AsyncKit ContactPickerTests" */ = {
			isa = XCConfigurationList;
			buildConfigurations = (
				04E717202446C256006D54BB /* Debug */,
				04E717212446C256006D54BB /* Release */,
			);
			defaultConfigurationIsVisible = 0;
			defaultConfigurationName = Release;
		};
/* End XCConfigurationList section */
	};
	rootObject = 04E716F02446C255006D54BB /* Project object */;
}
